
Microsoft Visual Studio Solution File, Format Version 12.00
# Visual Studio Version 17
VisualStudioVersion = 17.13.35919.96
MinimumVisualStudioVersion = 10.0.40219.1
Project("{FAE04EC0-301F-11D3-BF4B-00C04F79EFBC}") = "Image.Otp.Core", "Image.Otp\Image.Otp.Core.csproj", "{10F8B5B2-38EE-B44E-1587-B81B45EA1209}"
EndProject
Project("{FAE04EC0-301F-11D3-BF4B-00C04F79EFBC}") = "Image.Otp.Console", "Image.Otp.Console\Image.Otp.Console.csproj", "{8F7F81EF-AC42-79D9-605F-71861B9BACCD}"
EndProject
Project("{FAE04EC0-301F-11D3-BF4B-00C04F79EFBC}") = "Image.Otp.Abstractions", "Image.Otp.Abstractions\Image.Otp.Abstractions.csproj", "{D4328077-D753-4334-B526-0A261D33CF0F}"
EndProject
Project("{FAE04EC0-301F-11D3-BF4B-00C04F79EFBC}") = "Image.Otp.Tests", "Image.Otp.Tests\Image.Otp.Tests.csproj", "{DAE95F59-E21C-4066-BF83-7C15A9CB221D}"
EndProject
Global
	GlobalSection(SolutionConfigurationPlatforms) = preSolution
		Debug|Any CPU = Debug|Any CPU
		Release|Any CPU = Release|Any CPU
	EndGlobalSection
	GlobalSection(ProjectConfigurationPlatforms) = postSolution
		{10F8B5B2-38EE-B44E-1587-B81B45EA1209}.Debug|Any CPU.ActiveCfg = Debug|Any CPU
		{10F8B5B2-38EE-B44E-1587-B81B45EA1209}.Debug|Any CPU.Build.0 = Debug|Any CPU
		{10F8B5B2-38EE-B44E-1587-B81B45EA1209}.Release|Any CPU.ActiveCfg = Release|Any CPU
		{10F8B5B2-38EE-B44E-1587-B81B45EA1209}.Release|Any CPU.Build.0 = Release|Any CPU
		{8F7F81EF-AC42-79D9-605F-71861B9BACCD}.Debug|Any CPU.ActiveCfg = Debug|Any CPU
		{8F7F81EF-AC42-79D9-605F-71861B9BACCD}.Debug|Any CPU.Build.0 = Debug|Any CPU
		{8F7F81EF-AC42-79D9-605F-71861B9BACCD}.Release|Any CPU.ActiveCfg = Release|Any CPU
		{8F7F81EF-AC42-79D9-605F-71861B9BACCD}.Release|Any CPU.Build.0 = Release|Any CPU
		{D4328077-D753-4334-B526-0A261D33CF0F}.Debug|Any CPU.ActiveCfg = Debug|Any CPU
		{D4328077-D753-4334-B526-0A261D33CF0F}.Debug|Any CPU.Build.0 = Debug|Any CPU
		{D4328077-D753-4334-B526-0A261D33CF0F}.Release|Any CPU.ActiveCfg = Release|Any CPU
		{D4328077-D753-4334-B526-0A261D33CF0F}.Release|Any CPU.Build.0 = Release|Any CPU
		{DAE95F59-E21C-4066-BF83-7C15A9CB221D}.Debug|Any CPU.ActiveCfg = Debug|Any CPU
		{DAE95F59-E21C-4066-BF83-7C15A9CB221D}.Debug|Any CPU.Build.0 = Debug|Any CPU
		{DAE95F59-E21C-4066-BF83-7C15A9CB221D}.Release|Any CPU.ActiveCfg = Release|Any CPU
		{DAE95F59-E21C-4066-BF83-7C15A9CB221D}.Release|Any CPU.Build.0 = Release|Any CPU
	EndGlobalSection
	GlobalSection(SolutionProperties) = preSolution
		HideSolutionNode = FALSE
	EndGlobalSection
	GlobalSection(ExtensibilityGlobals) = postSolution
		SolutionGuid = {37AE59E0-1B2B-4544-8838-0C10602D2668}
	EndGlobalSection
EndGlobal
